{
  "name": "flickr-search",
  "version": "1.0.0",
  "lockfileVersion": 1,
  "requires": true,
  "dependencies": {
    "check-types": {
      "version": "7.4.0",
      "resolved": "https://artifactory.secureserver.net/artifactory/api/npm/node-virt/check-types/-/check-types-7.4.0.tgz",
      "integrity": "sha1-A3jsG5YW7HH3dJMaPGUW+tjBUvQ="
    },
    "js-tokens": {
      "version": "4.0.0",
      "resolved": "https://artifactory.secureserver.net/artifactory/api/npm/node-virt/js-tokens/-/js-tokens-4.0.0.tgz",
      "integrity": "sha1-GSA/tZmR35jjoocFDUZHzerzJJk="
    },
    "loose-envify": {
      "version": "1.4.0",
      "resolved": "https://artifactory.secureserver.net/artifactory/api/npm/node-virt/loose-envify/-/loose-envify-1.4.0.tgz",
      "integrity": "sha1-ce5R+nvkyuwaY4OffmgtgTLTDK8=",
      "requires": {
        "js-tokens": "^3.0.0 || ^4.0.0"
      }
    },
    "object-assign": {
      "version": "4.1.1",
      "resolved": "https://artifactory.secureserver.net/artifactory/api/npm/node-virt/object-assign/-/object-assign-4.1.1.tgz",
      "integrity": "sha1-IQmtx5ZYh8/AXLvUQsrIv7s2CGM="
    },
    "prop-types": {
      "version": "15.6.2",
      "resolved": "https://artifactory.secureserver.net/artifactory/api/npm/node-virt/prop-types/-/prop-types-15.6.2.tgz",
      "integrity": "sha1-BdXKd7RFPphdYPx/+MhZCUpJcQI=",
      "requires": {
        "loose-envify": "^1.3.1",
        "object-assign": "^4.1.1"
      }
    },
    "react": {
      "version": "16.6.3",
      "resolved": "https://artifactory.secureserver.net/artifactory/api/npm/node-virt/react/-/react-16.6.3.tgz",
      "integrity": "sha1-Jdd8kZEda73SPbQecPsJTMHghxw=",
      "requires": {
        "loose-envify": "^1.1.0",
        "object-assign": "^4.1.1",
        "prop-types": "^15.6.2",
        "scheduler": "^0.11.2"
      }
    },
    "react-dom": {
      "version": "16.6.3",
      "resolved": "https://artifactory.secureserver.net/artifactory/api/npm/node-virt/react-dom/-/react-dom-16.6.3.tgz",
      "integrity": "sha1-j6e6aIPIUhG42i0O/v/J04JczMA=",
      "requires": {
        "loose-envify": "^1.1.0",
        "object-assign": "^4.1.1",
        "prop-types": "^15.6.2",
        "scheduler": "^0.11.2"
      }
    },
    "scheduler": {
      "version": "0.11.2",
      "resolved": "https://artifactory.secureserver.net/artifactory/api/npm/node-virt/scheduler/-/scheduler-0.11.2.tgz",
      "integrity": "sha1-qNtTmdBuulq6xRtwW3FR0jGdM9M=",
      "requires": {
        "loose-envify": "^1.1.0",
        "object-assign": "^4.1.1"
      }
    }
  }
}
